
Microsoft Visual Studio Solution File, Format Version 12.00
# Visual Studio 15
VisualStudioVersion = 15.0.28307.421
MinimumVisualStudioVersion = 10.0.40219.1
Project("{FAE04EC0-301F-11D3-BF4B-00C04F79EFBC}") = "dotNetCoreAzure", "dotNetCoreAzure\dotNetCoreAzure.csproj", "{C9A01369-3102-474F-9C80-D10EE211009E}"
EndProject
Global
	GlobalSection(SolutionConfigurationPlatforms) = preSolution
		Debug|Any CPU = Debug|Any CPU
		Release|Any CPU = Release|Any CPU
	EndGlobalSection
	GlobalSection(ProjectConfigurationPlatforms) = postSolution
		{C9A01369-3102-474F-9C80-D10EE211009E}.Debug|Any CPU.ActiveCfg = Debug|Any CPU
		{C9A01369-3102-474F-9C80-D10EE211009E}.Debug|Any CPU.Build.0 = Debug|Any CPU
		{C9A01369-3102-474F-9C80-D10EE211009E}.Release|Any CPU.ActiveCfg = Release|Any CPU
		{C9A01369-3102-474F-9C80-D10EE211009E}.Release|Any CPU.Build.0 = Release|Any CPU
	EndGlobalSection
	GlobalSection(SolutionProperties) = preSolution
		HideSolutionNode = FALSE
	EndGlobalSection
	GlobalSection(ExtensibilityGlobals) = postSolution
		SolutionGuid = {41B65EC3-B591-466A-A881-899BBBA4571F}
	EndGlobalSection
EndGlobal
